// !$*UTF8*$!
{
	archiveVersion = 1;
	classes = {
	};
	objectVersion = 56;
	objects = {

/* Begin PBXBuildFile section */
		3E164B2C2B039E3700BE1AD1 /* NC1tryApp.swift in Sources */ = {isa = PBXBuildFile; fileRef = 3E164B2B2B039E3700BE1AD1 /* NC1tryApp.swift */; };
		3E164B2E2B039E3700BE1AD1 /* ContentView.swift in Sources */ = {isa = PBXBuildFile; fileRef = 3E164B2D2B039E3700BE1AD1 /* ContentView.swift */; };
		3E164B302B039E3800BE1AD1 /* Assets.xcassets in Resources */ = {isa = PBXBuildFile; fileRef = 3E164B2F2B039E3800BE1AD1 /* Assets.xcassets */; };
		3E164B332B039E3800BE1AD1 /* Preview Assets.xcassets in Resources */ = {isa = PBXBuildFile; fileRef = 3E164B322B039E3800BE1AD1 /* Preview Assets.xcassets */; };
		3E164B3B2B03A05900BE1AD1 /* ExploreView.swift in Sources */ = {isa = PBXBuildFile; fileRef = 3E164B3A2B03A05900BE1AD1 /* ExploreView.swift */; };
		3E164B402B03A5E700BE1AD1 /* ListingItemView.swift in Sources */ = {isa = PBXBuildFile; fileRef = 3E164B3F2B03A5E700BE1AD1 /* ListingItemView.swift */; };
		3E164B442B03C04300BE1AD1 /* SearchAndFilterBar.swift in Sources */ = {isa = PBXBuildFile; fileRef = 3E164B432B03C04300BE1AD1 /* SearchAndFilterBar.swift */; };
		3E164B462B050C5400BE1AD1 /* ListingDetailView.swift in Sources */ = {isa = PBXBuildFile; fileRef = 3E164B452B050C5400BE1AD1 /* ListingDetailView.swift */; };
		3E164B492B050E4F00BE1AD1 /* ListingItemCarouselView.swift in Sources */ = {isa = PBXBuildFile; fileRef = 3E164B482B050E4F00BE1AD1 /* ListingItemCarouselView.swift */; };
		3E164B4B2B0549FE00BE1AD1 /* DestinationSearchView.swift in Sources */ = {isa = PBXBuildFile; fileRef = 3E164B4A2B0549FE00BE1AD1 /* DestinationSearchView.swift */; };
		3E164B4F2B07AF8700BE1AD1 /* Listing.swift in Sources */ = {isa = PBXBuildFile; fileRef = 3E164B4E2B07AF8700BE1AD1 /* Listing.swift */; };
		3E164B512B07B97A00BE1AD1 /* PreviewData.swift in Sources */ = {isa = PBXBuildFile; fileRef = 3E164B502B07B97A00BE1AD1 /* PreviewData.swift */; };
		3E164B562B07C79000BE1AD1 /* ExploreViewModel.swift in Sources */ = {isa = PBXBuildFile; fileRef = 3E164B552B07C79000BE1AD1 /* ExploreViewModel.swift */; };
		3E164B582B07C87F00BE1AD1 /* ExploreService.swift in Sources */ = {isa = PBXBuildFile; fileRef = 3E164B572B07C87F00BE1AD1 /* ExploreService.swift */; };
/* End PBXBuildFile section */

/* Begin PBXFileReference section */
		3E164B282B039E3700BE1AD1 /* NC1try.app */ = {isa = PBXFileReference; explicitFileType = wrapper.application; includeInIndex = 0; path = NC1try.app; sourceTree = BUILT_PRODUCTS_DIR; };
		3E164B2B2B039E3700BE1AD1 /* NC1tryApp.swift */ = {isa = PBXFileReference; lastKnownFileType = sourcecode.swift; path = NC1tryApp.swift; sourceTree = "<group>"; };
		3E164B2D2B039E3700BE1AD1 /* ContentView.swift */ = {isa = PBXFileReference; lastKnownFileType = sourcecode.swift; path = ContentView.swift; sourceTree = "<group>"; };
		3E164B2F2B039E3800BE1AD1 /* Assets.xcassets */ = {isa = PBXFileReference; lastKnownFileType = folder.assetcatalog; path = Assets.xcassets; sourceTree = "<group>"; };
		3E164B322B039E3800BE1AD1 /* Preview Assets.xcassets */ = {isa = PBXFileReference; lastKnownFileType = folder.assetcatalog; path = "Preview Assets.xcassets"; sourceTree = "<group>"; };
		3E164B3A2B03A05900BE1AD1 /* ExploreView.swift */ = {isa = PBXFileReference; lastKnownFileType = sourcecode.swift; path = ExploreView.swift; sourceTree = "<group>"; };
		3E164B3F2B03A5E700BE1AD1 /* ListingItemView.swift */ = {isa = PBXFileReference; lastKnownFileType = sourcecode.swift; path = ListingItemView.swift; sourceTree = "<group>"; };
		3E164B432B03C04300BE1AD1 /* SearchAndFilterBar.swift */ = {isa = PBXFileReference; lastKnownFileType = sourcecode.swift; path = SearchAndFilterBar.swift; sourceTree = "<group>"; };
		3E164B452B050C5400BE1AD1 /* ListingDetailView.swift */ = {isa = PBXFileReference; lastKnownFileType = sourcecode.swift; path = ListingDetailView.swift; sourceTree = "<group>"; };
		3E164B482B050E4F00BE1AD1 /* ListingItemCarouselView.swift */ = {isa = PBXFileReference; lastKnownFileType = sourcecode.swift; path = ListingItemCarouselView.swift; sourceTree = "<group>"; };
		3E164B4A2B0549FE00BE1AD1 /* DestinationSearchView.swift */ = {isa = PBXFileReference; lastKnownFileType = sourcecode.swift; path = DestinationSearchView.swift; sourceTree = "<group>"; };
		3E164B4E2B07AF8700BE1AD1 /* Listing.swift */ = {isa = PBXFileReference; lastKnownFileType = sourcecode.swift; path = Listing.swift; sourceTree = "<group>"; };
		3E164B502B07B97A00BE1AD1 /* PreviewData.swift */ = {isa = PBXFileReference; lastKnownFileType = sourcecode.swift; path = PreviewData.swift; sourceTree = "<group>"; };
		3E164B552B07C79000BE1AD1 /* ExploreViewModel.swift */ = {isa = PBXFileReference; lastKnownFileType = sourcecode.swift; path = ExploreViewModel.swift; sourceTree = "<group>"; };
		3E164B572B07C87F00BE1AD1 /* ExploreService.swift */ = {isa = PBXFileReference; lastKnownFileType = sourcecode.swift; path = ExploreService.swift; sourceTree = "<group>"; };
/* End PBXFileReference section */

/* Begin PBXFrameworksBuildPhase section */
		3E164B252B039E3700BE1AD1 /* Frameworks */ = {
			isa = PBXFrameworksBuildPhase;
			buildActionMask = 2147483647;
			files = (
			);
			runOnlyForDeploymentPostprocessing = 0;
		};
/* End PBXFrameworksBuildPhase section */

/* Begin PBXGroup section */
		3E164B1F2B039E3700BE1AD1 = {
			isa = PBXGroup;
			children = (
				3E164B2A2B039E3700BE1AD1 /* NC1try */,
				3E164B292B039E3700BE1AD1 /* Products */,
			);
			sourceTree = "<group>";
		};
		3E164B292B039E3700BE1AD1 /* Products */ = {
			isa = PBXGroup;
			children = (
				3E164B282B039E3700BE1AD1 /* NC1try.app */,
			);
			name = Products;
			sourceTree = "<group>";
		};
		3E164B2A2B039E3700BE1AD1 /* NC1try */ = {
			isa = PBXGroup;
			children = (
				3E164B2B2B039E3700BE1AD1 /* NC1tryApp.swift */,
				3E164B2D2B039E3700BE1AD1 /* ContentView.swift */,
				3E164B392B03A04000BE1AD1 /* Explore */,
				3E164B2F2B039E3800BE1AD1 /* Assets.xcassets */,
				3E164B312B039E3800BE1AD1 /* Preview Content */,
			);
			path = NC1try;
			sourceTree = "<group>";
		};
		3E164B312B039E3800BE1AD1 /* Preview Content */ = {
			isa = PBXGroup;
			children = (
				3E164B322B039E3800BE1AD1 /* Preview Assets.xcassets */,
			);
			path = "Preview Content";
			sourceTree = "<group>";
		};
		3E164B392B03A04000BE1AD1 /* Explore */ = {
			isa = PBXGroup;
			children = (
				3E164B542B07C76700BE1AD1 /* View */,
				3E164B532B07C76000BE1AD1 /* ViewModel */,
				3E164B522B07C75800BE1AD1 /* Service */,
				3E164B3C2B03A16A00BE1AD1 /* Listings */,
			);
			path = Explore;
			sourceTree = "<group>";
		};
		3E164B3C2B03A16A00BE1AD1 /* Listings */ = {
			isa = PBXGroup;
			children = (
				3E164B4D2B07AF5C00BE1AD1 /* View */,
				3E164B4C2B07AF5500BE1AD1 /* Model */,
				3E164B472B050E2A00BE1AD1 /* Components */,
			);
			path = Listings;
			sourceTree = "<group>";
		};
		3E164B472B050E2A00BE1AD1 /* Components */ = {
			isa = PBXGroup;
			children = (
				3E164B482B050E4F00BE1AD1 /* ListingItemCarouselView.swift */,
			);
			path = Components;
			sourceTree = "<group>";
		};
		3E164B4C2B07AF5500BE1AD1 /* Model */ = {
			isa = PBXGroup;
			children = (
				3E164B4E2B07AF8700BE1AD1 /* Listing.swift */,
				3E164B502B07B97A00BE1AD1 /* PreviewData.swift */,
			);
			path = Model;
			sourceTree = "<group>";
		};
		3E164B4D2B07AF5C00BE1AD1 /* View */ = {
			isa = PBXGroup;
			children = (
				3E164B3F2B03A5E700BE1AD1 /* ListingItemView.swift */,
				3E164B452B050C5400BE1AD1 /* ListingDetailView.swift */,
			);
			path = View;
			sourceTree = "<group>";
		};
		3E164B522B07C75800BE1AD1 /* Service */ = {
			isa = PBXGroup;
			children = (
				3E164B572B07C87F00BE1AD1 /* ExploreService.swift */,
			);
			path = Service;
			sourceTree = "<group>";
		};
		3E164B532B07C76000BE1AD1 /* ViewModel */ = {
			isa = PBXGroup;
			children = (
				3E164B552B07C79000BE1AD1 /* ExploreViewModel.swift */,
			);
			path = ViewModel;
			sourceTree = "<group>";
		};
		3E164B542B07C76700BE1AD1 /* View */ = {
			isa = PBXGroup;
			children = (
				3E164B3A2B03A05900BE1AD1 /* ExploreView.swift */,
				3E164B432B03C04300BE1AD1 /* SearchAndFilterBar.swift */,
				3E164B4A2B0549FE00BE1AD1 /* DestinationSearchView.swift */,
			);
			path = View;
			sourceTree = "<group>";
		};
/* End PBXGroup section */

/* Begin PBXNativeTarget section */
		3E164B272B039E3700BE1AD1 /* NC1try */ = {
			isa = PBXNativeTarget;
			buildConfigurationList = 3E164B362B039E3800BE1AD1 /* Build configuration list for PBXNativeTarget "NC1try" */;
			buildPhases = (
				3E164B242B039E3700BE1AD1 /* Sources */,
				3E164B252B039E3700BE1AD1 /* Frameworks */,
				3E164B262B039E3700BE1AD1 /* Resources */,
			);
			buildRules = (
			);
			dependencies = (
			);
			name = NC1try;
			productName = NC1try;
			productReference = 3E164B282B039E3700BE1AD1 /* NC1try.app */;
			productType = "com.apple.product-type.application";
		};
/* End PBXNativeTarget section */

/* Begin PBXProject section */
		3E164B202B039E3700BE1AD1 /* Project object */ = {
			isa = PBXProject;
			attributes = {
				BuildIndependentTargetsInParallel = 1;
				LastSwiftUpdateCheck = 1500;
				LastUpgradeCheck = 1500;
				TargetAttributes = {
					3E164B272B039E3700BE1AD1 = {
						CreatedOnToolsVersion = 15.0;
					};
				};
			};
			buildConfigurationList = 3E164B232B039E3700BE1AD1 /* Build configuration list for PBXProject "NC1try" */;
			compatibilityVersion = "Xcode 14.0";
			developmentRegion = en;
			hasScannedForEncodings = 0;
			knownRegions = (
				en,
				Base,
			);
			mainGroup = 3E164B1F2B039E3700BE1AD1;
			productRefGroup = 3E164B292B039E3700BE1AD1 /* Products */;
			projectDirPath = "";
			projectRoot = "";
			targets = (
				3E164B272B039E3700BE1AD1 /* NC1try */,
			);
		};
/* End PBXProject section */

/* Begin PBXResourcesBuildPhase section */
		3E164B262B039E3700BE1AD1 /* Resources */ = {
			isa = PBXResourcesBuildPhase;
			buildActionMask = 2147483647;
			files = (
				3E164B332B039E3800BE1AD1 /* Preview Assets.xcassets in Resources */,
				3E164B302B039E3800BE1AD1 /* Assets.xcassets in Resources */,
			);
			runOnlyForDeploymentPostprocessing = 0;
		};
/* End PBXResourcesBuildPhase section */

/* Begin PBXSourcesBuildPhase section */
		3E164B242B039E3700BE1AD1 /* Sources */ = {
			isa = PBXSourcesBuildPhase;
			buildActionMask = 2147483647;
			files = (
				3E164B512B07B97A00BE1AD1 /* PreviewData.swift in Sources */,
				3E164B402B03A5E700BE1AD1 /* ListingItemView.swift in Sources */,
				3E164B4F2B07AF8700BE1AD1 /* Listing.swift in Sources */,
				3E164B4B2B0549FE00BE1AD1 /* DestinationSearchView.swift in Sources */,
				3E164B2E2B039E3700BE1AD1 /* ContentView.swift in Sources */,
				3E164B582B07C87F00BE1AD1 /* ExploreService.swift in Sources */,
				3E164B3B2B03A05900BE1AD1 /* ExploreView.swift in Sources */,
				3E164B442B03C04300BE1AD1 /* SearchAndFilterBar.swift in Sources */,
				3E164B492B050E4F00BE1AD1 /* ListingItemCarouselView.swift in Sources */,
				3E164B562B07C79000BE1AD1 /* ExploreViewModel.swift in Sources */,
				3E164B462B050C5400BE1AD1 /* ListingDetailView.swift in Sources */,
				3E164B2C2B039E3700BE1AD1 /* NC1tryApp.swift in Sources */,
			);
			runOnlyForDeploymentPostprocessing = 0;
		};
/* End PBXSourcesBuildPhase section */

/* Begin XCBuildConfiguration section */
		3E164B342B039E3800BE1AD1 /* Debug */ = {
			isa = XCBuildConfiguration;
			buildSettings = {
				ALWAYS_SEARCH_USER_PATHS = NO;
				ASSETCATALOG_COMPILER_GENERATE_SWIFT_ASSET_SYMBOL_EXTENSIONS = YES;
				CLANG_ANALYZER_NONNULL = YES;
				CLANG_ANALYZER_NUMBER_OBJECT_CONVERSION = YES_AGGRESSIVE;
				CLANG_CXX_LANGUAGE_STANDARD = "gnu++20";
				CLANG_ENABLE_MODULES = YES;
				CLANG_ENABLE_OBJC_ARC = YES;
				CLANG_ENABLE_OBJC_WEAK = YES;
				CLANG_WARN_BLOCK_CAPTURE_AUTORELEASING = YES;
				CLANG_WARN_BOOL_CONVERSION = YES;
				CLANG_WARN_COMMA = YES;
				CLANG_WARN_CONSTANT_CONVERSION = YES;
				CLANG_WARN_DEPRECATED_OBJC_IMPLEMENTATIONS = YES;
				CLANG_WARN_DIRECT_OBJC_ISA_USAGE = YES_ERROR;
				CLANG_WARN_DOCUMENTATION_COMMENTS = YES;
				CLANG_WARN_EMPTY_BODY = YES;
				CLANG_WARN_ENUM_CONVERSION = YES;
				CLANG_WARN_INFINITE_RECURSION = YES;
				CLANG_WARN_INT_CONVERSION = YES;
				CLANG_WARN_NON_LITERAL_NULL_CONVERSION = YES;
				CLANG_WARN_OBJC_IMPLICIT_RETAIN_SELF = YES;
				CLANG_WARN_OBJC_LITERAL_CONVERSION = YES;
				CLANG_WARN_OBJC_ROOT_CLASS = YES_ERROR;
				CLANG_WARN_QUOTED_INCLUDE_IN_FRAMEWORK_HEADER = YES;
				CLANG_WARN_RANGE_LOOP_ANALYSIS = YES;
				CLANG_WARN_STRICT_PROTOTYPES = YES;
				CLANG_WARN_SUSPICIOUS_MOVE = YES;
				CLANG_WARN_UNGUARDED_AVAILABILITY = YES_AGGRESSIVE;
				CLANG_WARN_UNREACHABLE_CODE = YES;
				CLANG_WARN__DUPLICATE_METHOD_MATCH = YES;
				COPY_PHASE_STRIP = NO;
				DEBUG_INFORMATION_FORMAT = dwarf;
				ENABLE_STRICT_OBJC_MSGSEND = YES;
				ENABLE_TESTABILITY = YES;
				ENABLE_USER_SCRIPT_SANDBOXING = YES;
				GCC_C_LANGUAGE_STANDARD = gnu17;
				GCC_DYNAMIC_NO_PIC = NO;
				GCC_NO_COMMON_BLOCKS = YES;
				GCC_OPTIMIZATION_LEVEL = 0;
				GCC_PREPROCESSOR_DEFINITIONS = (
					"DEBUG=1",
					"$(inherited)",
				);
				GCC_WARN_64_TO_32_BIT_CONVERSION = YES;
				GCC_WARN_ABOUT_RETURN_TYPE = YES_ERROR;
				GCC_WARN_UNDECLARED_SELECTOR = YES;
				GCC_WARN_UNINITIALIZED_AUTOS = YES_AGGRESSIVE;
				GCC_WARN_UNUSED_FUNCTION = YES;
				GCC_WARN_UNUSED_VARIABLE = YES;
				IPHONEOS_DEPLOYMENT_TARGET = 17.0;
				LOCALIZATION_PREFERS_STRING_CATALOGS = YES;
				MTL_ENABLE_DEBUG_INFO = INCLUDE_SOURCE;
				MTL_FAST_MATH = YES;
				ONLY_ACTIVE_ARCH = YES;
				SDKROOT = iphoneos;
				SWIFT_ACTIVE_COMPILATION_CONDITIONS = "DEBUG $(inherited)";
				SWIFT_OPTIMIZATION_LEVEL = "-Onone";
			};
			name = Debug;
		};
		3E164B352B039E3800BE1AD1 /* Release */ = {
			isa = XCBuildConfiguration;
			buildSettings = {
				ALWAYS_SEARCH_USER_PATHS = NO;
				ASSETCATALOG_COMPILER_GENERATE_SWIFT_ASSET_SYMBOL_EXTENSIONS = YES;
				CLANG_ANALYZER_NONNULL = YES;
				CLANG_ANALYZER_NUMBER_OBJECT_CONVERSION = YES_AGGRESSIVE;
				CLANG_CXX_LANGUAGE_STANDARD = "gnu++20";
				CLANG_ENABLE_MODULES = YES;
				CLANG_ENABLE_OBJC_ARC = YES;
				CLANG_ENABLE_OBJC_WEAK = YES;
				CLANG_WARN_BLOCK_CAPTURE_AUTORELEASING = YES;
				CLANG_WARN_BOOL_CONVERSION = YES;
				CLANG_WARN_COMMA = YES;
				CLANG_WARN_CONSTANT_CONVERSION = YES;
				CLANG_WARN_DEPRECATED_OBJC_IMPLEMENTATIONS = YES;
				CLANG_WARN_DIRECT_OBJC_ISA_USAGE = YES_ERROR;
				CLANG_WARN_DOCUMENTATION_COMMENTS = YES;
				CLANG_WARN_EMPTY_BODY = YES;
				CLANG_WARN_ENUM_CONVERSION = YES;
				CLANG_WARN_INFINITE_RECURSION = YES;
				CLANG_WARN_INT_CONVERSION = YES;
				CLANG_WARN_NON_LITERAL_NULL_CONVERSION = YES;
				CLANG_WARN_OBJC_IMPLICIT_RETAIN_SELF = YES;
				CLANG_WARN_OBJC_LITERAL_CONVERSION = YES;
				CLANG_WARN_OBJC_ROOT_CLASS = YES_ERROR;
				CLANG_WARN_QUOTED_INCLUDE_IN_FRAMEWORK_HEADER = YES;
				CLANG_WARN_RANGE_LOOP_ANALYSIS = YES;
				CLANG_WARN_STRICT_PROTOTYPES = YES;
				CLANG_WARN_SUSPICIOUS_MOVE = YES;
				CLANG_WARN_UNGUARDED_AVAILABILITY = YES_AGGRESSIVE;
				CLANG_WARN_UNREACHABLE_CODE = YES;
				CLANG_WARN__DUPLICATE_METHOD_MATCH = YES;
				COPY_PHASE_STRIP = NO;
				DEBUG_INFORMATION_FORMAT = "dwarf-with-dsym";
				ENABLE_NS_ASSERTIONS = NO;
				ENABLE_STRICT_OBJC_MSGSEND = YES;
				ENABLE_USER_SCRIPT_SANDBOXING = YES;
				GCC_C_LANGUAGE_STANDARD = gnu17;
				GCC_NO_COMMON_BLOCKS = YES;
				GCC_WARN_64_TO_32_BIT_CONVERSION = YES;
				GCC_WARN_ABOUT_RETURN_TYPE = YES_ERROR;
				GCC_WARN_UNDECLARED_SELECTOR = YES;
				GCC_WARN_UNINITIALIZED_AUTOS = YES_AGGRESSIVE;
				GCC_WARN_UNUSED_FUNCTION = YES;
				GCC_WARN_UNUSED_VARIABLE = YES;
				IPHONEOS_DEPLOYMENT_TARGET = 17.0;
				LOCALIZATION_PREFERS_STRING_CATALOGS = YES;
				MTL_ENABLE_DEBUG_INFO = NO;
				MTL_FAST_MATH = YES;
				SDKROOT = iphoneos;
				SWIFT_COMPILATION_MODE = wholemodule;
				VALIDATE_PRODUCT = YES;
			};
			name = Release;
		};
		3E164B372B039E3800BE1AD1 /* Debug */ = {
			isa = XCBuildConfiguration;
			buildSettings = {
				ASSETCATALOG_COMPILER_APPICON_NAME = AppIcon;
				ASSETCATALOG_COMPILER_GLOBAL_ACCENT_COLOR_NAME = AccentColor;
				CODE_SIGN_STYLE = Automatic;
				CURRENT_PROJECT_VERSION = 1;
				DEVELOPMENT_ASSET_PATHS = "\"NC1try/Preview Content\"";
				DEVELOPMENT_TEAM = R5PL2A3BLY;
				ENABLE_PREVIEWS = YES;
				GENERATE_INFOPLIST_FILE = YES;
				INFOPLIST_KEY_UIApplicationSceneManifest_Generation = YES;
				INFOPLIST_KEY_UIApplicationSupportsIndirectInputEvents = YES;
				INFOPLIST_KEY_UILaunchScreen_Generation = YES;
				INFOPLIST_KEY_UISupportedInterfaceOrientations_iPad = "UIInterfaceOrientationPortrait UIInterfaceOrientationPortraitUpsideDown UIInterfaceOrientationLandscapeLeft UIInterfaceOrientationLandscapeRight";
				INFOPLIST_KEY_UISupportedInterfaceOrientations_iPhone = "UIInterfaceOrientationPortrait UIInterfaceOrientationLandscapeLeft UIInterfaceOrientationLandscapeRight";
				LD_RUNPATH_SEARCH_PATHS = (
					"$(inherited)",
					"@executable_path/Frameworks",
				);
				MARKETING_VERSION = 1.0;
				PRODUCT_BUNDLE_IDENTIFIER = com.alessiadigioia.NC1try;
				PRODUCT_NAME = "$(TARGET_NAME)";
				SWIFT_EMIT_LOC_STRINGS = YES;
				SWIFT_VERSION = 5.0;
				TARGETED_DEVICE_FAMILY = "1,2";
			};
			name = Debug;
		};
		3E164B382B039E3800BE1AD1 /* Release */ = {
			isa = XCBuildConfiguration;
			buildSettings = {
				ASSETCATALOG_COMPILER_APPICON_NAME = AppIcon;
				ASSETCATALOG_COMPILER_GLOBAL_ACCENT_COLOR_NAME = AccentColor;
				CODE_SIGN_STYLE = Automatic;
				CURRENT_PROJECT_VERSION = 1;
				DEVELOPMENT_ASSET_PATHS = "\"NC1try/Preview Content\"";
				DEVELOPMENT_TEAM = R5PL2A3BLY;
				ENABLE_PREVIEWS = YES;
				GENERATE_INFOPLIST_FILE = YES;
				INFOPLIST_KEY_UIApplicationSceneManifest_Generation = YES;
				INFOPLIST_KEY_UIApplicationSupportsIndirectInputEvents = YES;
				INFOPLIST_KEY_UILaunchScreen_Generation = YES;
				INFOPLIST_KEY_UISupportedInterfaceOrientations_iPad = "UIInterfaceOrientationPortrait UIInterfaceOrientationPortraitUpsideDown UIInterfaceOrientationLandscapeLeft UIInterfaceOrientationLandscapeRight";
				INFOPLIST_KEY_UISupportedInterfaceOrientations_iPhone = "UIInterfaceOrientationPortrait UIInterfaceOrientationLandscapeLeft UIInterfaceOrientationLandscapeRight";
				LD_RUNPATH_SEARCH_PATHS = (
					"$(inherited)",
					"@executable_path/Frameworks",
				);
				MARKETING_VERSION = 1.0;
				PRODUCT_BUNDLE_IDENTIFIER = com.alessiadigioia.NC1try;
				PRODUCT_NAME = "$(TARGET_NAME)";
				SWIFT_EMIT_LOC_STRINGS = YES;
				SWIFT_VERSION = 5.0;
				TARGETED_DEVICE_FAMILY = "1,2";
			};
			name = Release;
		};
/* End XCBuildConfiguration section */

/* Begin XCConfigurationList section */
		3E164B232B039E3700BE1AD1 /* Build configuration list for PBXProject "NC1try" */ = {
			isa = XCConfigurationList;
			buildConfigurations = (
				3E164B342B039E3800BE1AD1 /* Debug */,
				3E164B352B039E3800BE1AD1 /* Release */,
			);
			defaultConfigurationIsVisible = 0;
			defaultConfigurationName = Release;
		};
		3E164B362B039E3800BE1AD1 /* Build configuration list for PBXNativeTarget "NC1try" */ = {
			isa = XCConfigurationList;
			buildConfigurations = (
				3E164B372B039E3800BE1AD1 /* Debug */,
				3E164B382B039E3800BE1AD1 /* Release */,
			);
			defaultConfigurationIsVisible = 0;
			defaultConfigurationName = Release;
		};
/* End XCConfigurationList section */
	};
	rootObject = 3E164B202B039E3700BE1AD1 /* Project object */;
}
